{
  "lockfileVersion": 1,
  "configVersion": 0,
  "workspaces": {
    "": {
      "name": "metafor",
      "dependencies": {
        "@metafor/types": "workspace:*",
        "shared": "workspace:*",
      },
      "devDependencies": {
        "@types/bun": "^1.4.0",
        "@types/node": "^25.5.0",
        "@webgpu/types": "^0.1.68",
        "bun-webgpu": "^0.1.6",
        "oxc-parser": "^0.146.0",
        "typescript": "^7.0.2",
      },
      "peerDependencies": {
        "typescript": "^7.0.2",
      },
    },
    "cosmos": {
      "name": "@metafor/cosmos",
      "version": "0.1.0",
      "dependencies": {
        "@cosmos/release": "workspace:^0.1.9",
        "@cosmos/startup": "workspace:*",
        "@internal/visual": "workspace:^0.1.10",
      },
      "devDependencies": {
        "puppeteer-core": "25.4.0",
      },
    },
    "cosmos/internal/supervisor": {
      "name": "@internal/supervisor",
      "version": "0.1.0",
    },
    "cosmos/internal/visual": {
      "name": "@internal/visual",
      "version": "0.1.10",
      "dependencies": {
        "@metafor/engine": "workspace:*",
        "@ui/elements": "workspace:*",
        "@ui/hud": "workspace:*",
      },
    },
    "cosmos/release": {
      "name": "@cosmos/release",
      "version": "0.1.9",
      "dependencies": {
        "@internal/visual": "workspace:^0.1.10",
      },
      "devDependencies": {
        "@types/serviceworker": "^0.0.200",
      },
    },
    "cosmos/startup": {
      "name": "@cosmos/startup",
      "version": "0.1.2",
      "dependencies": {
        "@cosmos/release": "workspace:^0.1.3",
      },
      "devDependencies": {
        "@types/serviceworker": "^0.0.200",
      },
    },
    "create-metafor": {
      "name": "create-metafor",
      "version": "1.0.49",
      "bin": {
        "create-metafor": "dist/cli.js",
      },
      "dependencies": {
        "oxc-parser": "^0.146.0",
      },
      "devDependencies": {
        "@types/bun": "^1.4.0",
        "@types/node": "^25.5.0",
        "typescript": "^7.0.2",
      },
    },
    "create-metafor/dsl": {
      "name": "@metafor/dsl",
      "version": "0.4.0",
      "dependencies": {
        "@metafor/template": "workspace:*",
        "@metafor/types": "workspace:*",
      },
      "devDependencies": {
        "typescript": "^7.0.2",
      },
    },
    "create-metafor/template": {
      "name": "@metafor/template",
      "version": "2.6.2",
      "dependencies": {
        "@metafor/types": "workspace:*",
      },
    },
    "fixture": {
      "name": "fixture",
      "dependencies": {
        "@matrix/types": "workspace:*",
      },
      "peerDependencies": {
        "typescript": "^7.0.2",
      },
    },
    "pkg/engine": {
      "name": "@metafor/engine",
      "version": "1.0.0",
    },
    "pkg/nodes": {
      "name": "nodes",
      "version": "0.0.1",
      "devDependencies": {
        "@nodes/core": "workspace:*",
        "@nodes/editor": "workspace:*",
        "@nodes/layout": "workspace:*",
        "@nodes/layout-worker": "workspace:*",
        "@nodes/ui": "workspace:*",
      },
    },
    "pkg/nodes/core": {
      "name": "@nodes/core",
      "version": "0.0.1",
    },
    "pkg/nodes/editor": {
      "name": "@nodes/editor",
      "version": "0.0.1",
      "dependencies": {
        "@nodes/core": "workspace:*",
      },
    },
    "pkg/nodes/layout": {
      "name": "@nodes/layout",
      "version": "0.0.1",
    },
    "pkg/nodes/layout-worker": {
      "name": "@nodes/layout-worker",
      "version": "0.0.1",
      "dependencies": {
        "@nodes/layout": "workspace:*",
      },
    },
    "pkg/nodes/playground": {
      "name": "@nodes/playground",
      "version": "0.0.1",
      "dependencies": {
        "@metafor/engine": "workspace:*",
        "@nodes/core": "workspace:*",
        "@nodes/editor": "workspace:*",
        "@nodes/layout": "workspace:*",
        "@nodes/layout-worker": "workspace:*",
        "@nodes/ui": "workspace:*",
        "@ui/components": "workspace:*",
        "@ui/elements": "workspace:*",
        "@ui/playground": "workspace:*",
      },
    },
    "pkg/nodes/ui": {
      "name": "@nodes/ui",
      "version": "0.0.1",
      "dependencies": {
        "@metafor/engine": "workspace:*",
        "@nodes/core": "workspace:*",
        "@nodes/layout": "workspace:*",
        "@ui/components": "workspace:*",
        "@ui/elements": "workspace:*",
      },
    },
    "pkg/ui/components": {
      "name": "@ui/components",
      "version": "0.0.1",
      "dependencies": {
        "@metafor/engine": "workspace:*",
        "@ui/elements": "workspace:*",
      },
      "devDependencies": {
        "@ui/playground": "workspace:*",
      },
    },
    "pkg/ui/elements": {
      "name": "@ui/elements",
      "version": "0.0.1",
      "dependencies": {
        "@metafor/engine": "workspace:*",
      },
      "devDependencies": {
        "@ui/playground": "workspace:*",
      },
    },
    "pkg/ui/hud": {
      "name": "@ui/hud",
      "version": "0.0.1",
      "dependencies": {
        "@metafor/engine": "workspace:*",
        "@ui/components": "workspace:*",
        "@ui/elements": "workspace:*",
      },
    },
    "pkg/ui/playground": {
      "name": "@ui/playground",
      "version": "0.0.1",
      "dependencies": {
        "@metafor/engine": "workspace:*",
        "@ui/components": "workspace:*",
        "@ui/elements": "workspace:*",
      },
    },
    "pkg/visual": {
      "name": "@metafor/visual",
      "version": "0.0.1",
      "dependencies": {
        "@bulk/types": "workspace:*",
        "@metafor/types": "workspace:*",
      },
      "devDependencies": {
        "@metafor/engine": "workspace:*",
      },
    },
    "pkg/web-push": {
      "name": "@metafor/web-push",
      "version": "0.1.0",
      "dependencies": {
        "web-push": "3.6.7",
      },
      "devDependencies": {
        "@types/web-push": "3.6.4",
      },
    },
    "quantum/boundary": {
      "name": "boundary",
      "dependencies": {
        "@boundary/atom": "workspace:*",
        "@boundary/topology": "workspace:*",
        "@boundary/types": "workspace:*",
        "@boundary/wimp": "workspace:*",
        "@metafor/types": "workspace:*",
        "shared": "workspace:*",
      },
    },
    "quantum/boundary/atom": {
      "name": "@boundary/atom",
      "dependencies": {
        "@metafor/types": "workspace:*",
      },
    },
    "quantum/boundary/topology": {
      "name": "@boundary/topology",
      "dependencies": {
        "@metafor/types": "workspace:*",
      },
    },
    "quantum/boundary/types": {
      "name": "@boundary/types",
      "version": "0.0.1",
      "dependencies": {
        "@metafor/types": "workspace:*",
      },
    },
    "quantum/boundary/wimp": {
      "name": "@boundary/wimp",
      "dependencies": {
        "@metafor/types": "workspace:*",
      },
    },
    "quantum/bulk": {
      "name": "bulk",
      "version": "0.0.1",
      "dependencies": {
        "@bulk/gravity": "workspace:*",
        "@bulk/strong": "workspace:*",
        "@bulk/types": "workspace:*",
        "@bulk/weak": "workspace:*",
        "@metafor/engine": "workspace:*",
        "@metafor/types": "workspace:*",
        "@metafor/visual": "workspace:*",
        "@ui/components": "workspace:*",
        "@ui/elements": "workspace:*",
        "@ui/hud": "workspace:*",
        "shared": "workspace:*",
      },
    },
    "quantum/bulk/gravity": {
      "name": "@bulk/gravity",
      "dependencies": {
        "@bulk/types": "workspace:*",
      },
    },
    "quantum/bulk/strong": {
      "name": "@bulk/strong",
      "dependencies": {
        "@bulk/types": "workspace:*",
      },
    },
    "quantum/bulk/types": {
      "name": "@bulk/types",
      "version": "0.0.1",
      "dependencies": {
        "@metafor/engine": "workspace:*",
        "@metafor/types": "workspace:*",
        "@ui/elements": "workspace:*",
        "@ui/hud": "workspace:*",
      },
    },
    "quantum/bulk/weak": {
      "name": "@bulk/weak",
      "dependencies": {
        "@bulk/types": "workspace:*",
      },
    },
    "quantum/dark": {
      "name": "dark",
      "version": "0.0.1",
      "dependencies": {
        "@dark/types": "workspace:*",
        "@metafor/dsl": "workspace:*",
        "@metafor/types": "workspace:*",
        "create-metafor": "workspace:*",
        "shared": "workspace:*",
      },
    },
    "quantum/dark/gravity": {
      "name": "@dark/gravity",
      "dependencies": {
        "@metafor/template": "workspace:*",
        "@metafor/types": "workspace:*",
      },
    },
    "quantum/dark/types": {
      "name": "@dark/types",
      "version": "0.0.1",
    },
    "quantum/energy": {
      "name": "energy",
      "version": "0.1.0",
      "dependencies": {
        "@energy/types": "workspace:*",
        "@metafor/types": "workspace:*",
        "shared": "workspace:*",
      },
    },
    "quantum/energy/types": {
      "name": "@energy/types",
      "version": "0.0.1",
      "dependencies": {
        "@metafor/types": "workspace:*",
        "shared": "workspace:*",
      },
    },
    "quantum/matrix": {
      "name": "matrix",
      "version": "0.0.1",
      "dependencies": {
        "@matrix/gravity": "workspace:*",
        "@matrix/strong": "workspace:*",
        "@matrix/types": "workspace:*",
        "@matrix/weak": "workspace:*",
        "@metafor/types": "workspace:*",
        "shared": "workspace:*",
      },
    },
    "quantum/matrix/gravity": {
      "name": "@matrix/gravity",
      "dependencies": {
        "@matrix/types": "workspace:*",
        "@metafor/types": "workspace:*",
      },
    },
    "quantum/matrix/strong": {
      "name": "@matrix/strong",
      "dependencies": {
        "@matrix/gravity": "workspace:*",
        "@matrix/types": "workspace:*",
        "@metafor/types": "workspace:*",
      },
    },
    "quantum/matrix/types": {
      "name": "@matrix/types",
      "version": "0.0.1",
      "dependencies": {
        "shared": "workspace:*",
      },
    },
    "quantum/matrix/weak": {
      "name": "@matrix/weak",
      "dependencies": {
        "@matrix/gravity": "workspace:*",
        "@matrix/strong": "workspace:*",
        "@matrix/types": "workspace:*",
        "@metafor/types": "workspace:*",
      },
    },
    "shared": {
      "name": "shared",
      "version": "0.0.1",
      "dependencies": {
        "@metafor/types": "workspace:*",
      },
    },
    "types": {
      "name": "@metafor/types",
    },
  },
  "packages": {
    "@boundary/atom": ["@boundary/atom@workspace:quantum/boundary/atom"],

    "@boundary/topology": ["@boundary/topology@workspace:quantum/boundary/topology"],

    "@boundary/types": ["@boundary/types@workspace:quantum/boundary/types"],

    "@boundary/wimp": ["@boundary/wimp@workspace:quantum/boundary/wimp"],

    "@bulk/gravity": ["@bulk/gravity@workspace:quantum/bulk/gravity"],

    "@bulk/strong": ["@bulk/strong@workspace:quantum/bulk/strong"],

    "@bulk/types": ["@bulk/types@workspace:quantum/bulk/types"],

    "@bulk/weak": ["@bulk/weak@workspace:quantum/bulk/weak"],

    "@cosmos/release": ["@cosmos/release@workspace:cosmos/release"],

    "@cosmos/startup": ["@cosmos/startup@workspace:cosmos/startup"],

    "@dark/gravity": ["@dark/gravity@workspace:quantum/dark/gravity"],

    "@dark/types": ["@dark/types@workspace:quantum/dark/types"],

    "@energy/types": ["@energy/types@workspace:quantum/energy/types"],

    "@internal/supervisor": ["@internal/supervisor@workspace:cosmos/internal/supervisor"],

    "@internal/visual": ["@internal/visual@workspace:cosmos/internal/visual"],

    "@matrix/gravity": ["@matrix/gravity@workspace:quantum/matrix/gravity"],

    "@matrix/strong": ["@matrix/strong@workspace:quantum/matrix/strong"],

    "@matrix/types": ["@matrix/types@workspace:quantum/matrix/types"],

    "@matrix/weak": ["@matrix/weak@workspace:quantum/matrix/weak"],

    "@metafor/cosmos": ["@metafor/cosmos@workspace:cosmos"],

    "@metafor/dsl": ["@metafor/dsl@workspace:create-metafor/dsl"],

    "@metafor/engine": ["@metafor/engine@workspace:pkg/engine"],

    "@metafor/template": ["@metafor/template@workspace:create-metafor/template"],

    "@metafor/types": ["@metafor/types@workspace:types"],

    "@metafor/visual": ["@metafor/visual@workspace:pkg/visual"],

    "@metafor/web-push": ["@metafor/web-push@workspace:pkg/web-push"],

    "@nodes/core": ["@nodes/core@workspace:pkg/nodes/core"],

    "@nodes/editor": ["@nodes/editor@workspace:pkg/nodes/editor"],

    "@nodes/layout": ["@nodes/layout@workspace:pkg/nodes/layout"],

    "@nodes/layout-worker": ["@nodes/layout-worker@workspace:pkg/nodes/layout-worker"],

    "@nodes/playground": ["@nodes/playground@workspace:pkg/nodes/playground"],

    "@nodes/ui": ["@nodes/ui@workspace:pkg/nodes/ui"],

    "@oxc-parser/binding-android-arm-eabi": ["@oxc-parser/binding-android-arm-eabi@0.146.0", "", { "os": "android", "cpu": "arm" }, "sha512-jBCZIsff/9J/zdK1KSKZREScXOtRE4wYO+MUjrE+5NHGdsslrP4biJA9QJyKwErwS8lkwxH6Z537HaL4CQr0ow=="],

    "@oxc-parser/binding-android-arm64": ["@oxc-parser/binding-android-arm64@0.146.0", "", { "os": "android", "cpu": "arm64" }, "sha512-BVwj6sVmgD9j5F+R5B+13pYQKOCmew+3myS19wcG5e+AeZu5ybBLEfcaKueC8MhvjtwL2Suh2tQE/Ywop2Z8rA=="],

    "@oxc-parser/binding-darwin-arm64": ["@oxc-parser/binding-darwin-arm64@0.146.0", "", { "os": "darwin", "cpu": "arm64" }, "sha512-jQGIM4zEEvvuypbBcoeoWuigRfP6R8Ow/9gfDzVoYkv5mFyVPbIePNQnV752jUynfty0nDxarIpML+7Q/MyMPg=="],

    "@oxc-parser/binding-darwin-x64": ["@oxc-parser/binding-darwin-x64@0.146.0", "", { "os": "darwin", "cpu": "x64" }, "sha512-quDy3cvW1712l6W+qe1/xWRym6STOuGJmFzRIg5StXVJglsbqrCpHfw9PyqPs0hQeOAjAEO1USrjPaIvHiRKQw=="],

    "@oxc-parser/binding-freebsd-x64": ["@oxc-parser/binding-freebsd-x64@0.146.0", "", { "os": "freebsd", "cpu": "x64" }, "sha512-wx/p/9phlX4VbYk671G4WewST3pysXNQfZRx4gx69QIz0/uW2O3MCnnEQh4il6l2lYr0EDAq3kFYovIw68CXHw=="],

    "@oxc-parser/binding-linux-arm-gnueabihf": ["@oxc-parser/binding-linux-arm-gnueabihf@0.146.0", "", { "os": "linux", "cpu": "arm" }, "sha512-W9nzfbWH8Z6cIaBj6Rh/eVgymFkZ2MaOV0rQruKTLYKLAZADo9JlOmBml6Dq2QbChtmuc3DKDL42KDHaQFX8yQ=="],

    "@oxc-parser/binding-linux-arm-musleabihf": ["@oxc-parser/binding-linux-arm-musleabihf@0.146.0", "", { "os": "linux", "cpu": "arm" }, "sha512-S5X1mEvTLBTl+xt7bRlr1n6qI+OTy1EaRkYyd4EQgEZqV7i53fQa1I72OqR0IwSQKVwh6TZPkzDcsN7fS9MynQ=="],

    "@oxc-parser/binding-linux-arm64-gnu": ["@oxc-parser/binding-linux-arm64-gnu@0.146.0", "", { "os": "linux", "cpu": "arm64" }, "sha512-Br9UB4nnecVfj/Vp+JiJnJo2wIJtwaOm+uN7MwWKF5cx10P816urucmksG/iG2OeL7hfZ4h5fCmePrLU6TocfQ=="],

    "@oxc-parser/binding-linux-arm64-musl": ["@oxc-parser/binding-linux-arm64-musl@0.146.0", "", { "os": "linux", "cpu": "arm64" }, "sha512-5AP+od9VGhRyCwswTfuD0jSDfIcWptEBC+K0LWmXsUJ9BPVF3KbhsjeoV+9tijX6g5is0w4H8DUV7NkOJoOVVA=="],

    "@oxc-parser/binding-linux-ppc64-gnu": ["@oxc-parser/binding-linux-ppc64-gnu@0.146.0", "", { "os": "linux", "cpu": "ppc64" }, "sha512-Qz3jc1qgvU9B9vQu3jAJcxKlGX7zYRtKs8LPYtQi8cmirhtYcX6XvXseESaDFbi1L+SorXhjRQ/2npEX85kKBw=="],

    "@oxc-parser/binding-linux-riscv64-gnu": ["@oxc-parser/binding-linux-riscv64-gnu@0.146.0", "", { "os": "linux", "cpu": "none" }, "sha512-Mfmg18lOZ1IWJJJuHi1ZsMLunqNVeLEh3Byuw+Aa8dYo7qOrZOMZQz1gFgAeNga5/Z5jjRuIKuIdo9aO7HYMdg=="],

    "@oxc-parser/binding-linux-riscv64-musl": ["@oxc-parser/binding-linux-riscv64-musl@0.146.0", "", { "os": "linux", "cpu": "none" }, "sha512-6OdXwYnzbwYcnUH8f0LYauLNitjIcgDR/CDA/wcZ2whwJwVflGtCLF3+3HOXgs/SESnpQCWXr7Q/z9muLJ5bmQ=="],

    "@oxc-parser/binding-linux-s390x-gnu": ["@oxc-parser/binding-linux-s390x-gnu@0.146.0", "", { "os": "linux", "cpu": "s390x" }, "sha512-BilV4Ei84A0m6r1v+LmgVrfUMbAz33IXRooVw/BQNDExUvGGNLrk6NWeot+ve99bRidTZdwWuzBHgxWCnSSa9Q=="],

    "@oxc-parser/binding-linux-x64-gnu": ["@oxc-parser/binding-linux-x64-gnu@0.146.0", "", { "os": "linux", "cpu": "x64" }, "sha512-RaMfGIpWOa87u3aD87drbPgisy7Nv6gIdjRFw6msIDKO+3FmcOTw+vpp4hVANhUIzpQta2EAsmYQRrqeprZTmQ=="],

    "@oxc-parser/binding-linux-x64-musl": ["@oxc-parser/binding-linux-x64-musl@0.146.0", "", { "os": "linux", "cpu": "x64" }, "sha512-0bzF60jfQRsJ9TJOIHK+wSUirenJAyWCdP9z3P6LMS0znD4Gf7WYOiv7niONVOpRnlGjzMPd4kqgOJfCDLQAQg=="],

    "@oxc-parser/binding-openharmony-arm64": ["@oxc-parser/binding-openharmony-arm64@0.146.0", "", { "os": "none", "cpu": "arm64" }, "sha512-O1gxUFt5FUgyFVUQK2BhZNwv7jLsqLR8uBANOhpYE5D5q+eCvcry7RvQT3DgKpWP1XRYB5UsbQGHHcwchEKb+w=="],

    "@oxc-parser/binding-win32-arm64-msvc": ["@oxc-parser/binding-win32-arm64-msvc@0.146.0", "", { "os": "win32", "cpu": "arm64" }, "sha512-i46zYS0TTCt+oaXaDx4mKxuXo+h8OBWI12XFatRm5I9/l2WKhp4TQ6VAjw0r1NMRiQQZ9dwQlRyQNhyTkOaINg=="],

    "@oxc-parser/binding-win32-ia32-msvc": ["@oxc-parser/binding-win32-ia32-msvc@0.146.0", "", { "os": "win32", "cpu": "ia32" }, "sha512-v1bb+ma2oKXwh4NHAg2NQwe9ORXFBDSCEkuO1qC4Rzm8EXcQdNhiJHpTNfulZ2P+1QpYUB6QYupW4mgMVom/tA=="],

    "@oxc-parser/binding-win32-x64-msvc": ["@oxc-parser/binding-win32-x64-msvc@0.146.0", "", { "os": "win32", "cpu": "x64" }, "sha512-uT8N1/qdNSGonvW1O2kZYNczqb/VYfnj5dpUy1FmedOPodj3MNFNWhAJkMZlI5u8xuTRtrpTccnr0U5HAMVRjQ=="],

    "@oxc-project/types": ["@oxc-project/types@0.146.0", "", {}, "sha512-XC0QsnnhVe7sLIWmYmdPw7x5P0h4W8vUU3Nv1ySgWXtvCz8NizoAEpGXA0sOYoJQV2Rl13LgURAHQ5cI5ILCSA=="],

    "@puppeteer/browsers": ["@puppeteer/browsers@3.0.6", "", { "dependencies": { "modern-tar": "^0.7.6", "yargs": "^18.0.0" }, "peerDependencies": { "proxy-agent": ">=8.0.1", "yauzl": "^2.10.0 || ^3.4.0" }, "optionalPeers": ["proxy-agent", "yauzl"], "bin": { "browsers": "lib/main-cli.js" } }, "sha512-B/gKoqlFkzhvzsI6jo9K1cZz9o5ypviVv/xu8CwA4grZzyVwN+XfkT+tu8T1zrauuEXv6VhS2oGX+6NL95WcKA=="],

    "@types/bun": ["@types/bun@1.4.0", "", { "dependencies": { "bun-types": "1.4.0" } }, "sha512-K+lZULY23vRgK/CfTjFIV+tyifaNdSMlPh9j+6mQ/cLfpOznLyAuzgV/JQysyECpkBQLVMSyvjlr2fBUSA9wFQ=="],

    "@types/node": ["@types/node@25.5.0", "", { "dependencies": { "undici-types": "~7.18.0" } }, "sha512-jp2P3tQMSxWugkCUKLRPVUpGaL5MVFwF8RDuSRztfwgN1wmqJeMSbKlnEtQqU8UrhTmzEmZdu2I6v2dpp7XIxw=="],

    "@types/serviceworker": ["@types/serviceworker@0.0.200", "", {}, "sha512-g6wCD+XlCDKytamqjiVvYRUJbS0jr/1lZ2PpXSYTU802UyPNlOVl9DN6A9EhRuFRH7s2LATTgheBnMEWJahV8A=="],

    "@types/web-push": ["@types/web-push@3.6.4", "", { "dependencies": { "@types/node": "*" } }, "sha512-GnJmSr40H3RAnj0s34FNTcJi1hmWFV5KXugE0mYWnYhgTAHLJ/dJKAwDmvPJYMke0RplY2XE9LnM4hqSqKIjhQ=="],

    "@typescript/typescript-aix-ppc64": ["@typescript/typescript-aix-ppc64@7.0.2", "", { "os": "aix", "cpu": "ppc64" }, "sha512-MTKKkWB7p/0E9xi1d1tHtZ5PiLkGEMIq88pK2CubZjOsLtYTLqhgIgi6zepFa+9GHZ6h05NMCkQxGKiPXMxXtQ=="],

    "@typescript/typescript-darwin-arm64": ["@typescript/typescript-darwin-arm64@7.0.2", "", { "os": "darwin", "cpu": "arm64" }, "sha512-gowzar9MwS/aRWp6f3a4KUqzRjAZjOsmGNCM6LcTgXum+dBfgsBVMN+AgvOCCbguXyick6LJhpBszxMebJ8syA=="],

    "@typescript/typescript-darwin-x64": ["@typescript/typescript-darwin-x64@7.0.2", "", { "os": "darwin", "cpu": "x64" }, "sha512-SZ9xZInqApNlNGc9s0W1VSsktYSOe9cFqNOIqmN1Gs8SmkjKZYFt017G4VwPxASInODuAdbTW7sXiFUf893RgA=="],

    "@typescript/typescript-freebsd-arm64": ["@typescript/typescript-freebsd-arm64@7.0.2", "", { "os": "freebsd", "cpu": "arm64" }, "sha512-W5NH4y/J0plIIS5b2xvTEkU7JFxyqdMAOgf+Ilhl0vHQXKO5dZoxd+C/jEtq56c4F3wk71RB4BMRQ2XdI+bwYQ=="],

    "@typescript/typescript-freebsd-x64": ["@typescript/typescript-freebsd-x64@7.0.2", "", { "os": "freebsd", "cpu": "x64" }, "sha512-UMGDx5sTpzNw3WiPebH7l90IWfJggEd+egHt/q6p7/Cm3zqoV7VxkGXt+3DxPIw8CcmvAB0j3sVVfbhX+M4Tpw=="],

    "@typescript/typescript-linux-arm": ["@typescript/typescript-linux-arm@7.0.2", "", { "os": "linux", "cpu": "arm" }, "sha512-gffT3xPz9sR7j/YJExkyPntrI0P2EP9XbOyWzth2/Gs0RstK+90RBcO0ncXoXy/beYll1SXw846Nf2zdnEz0QQ=="],

    "@typescript/typescript-linux-arm64": ["@typescript/typescript-linux-arm64@7.0.2", "", { "os": "linux", "cpu": "arm64" }, "sha512-Qh4eU4/y3yDjnfjjyPYihMj5/ODIlmt+Bzu17OI+fiSRDW57QmU5SiN63exPRNJPKUzcc1INa1NXdrJ+MqHjUQ=="],

    "@typescript/typescript-linux-loong64": ["@typescript/typescript-linux-loong64@7.0.2", "", { "os": "linux", "cpu": "none" }, "sha512-uEHck9i8hoAzXPiYRib1O7miOnz23SxIeVl6F4LXox+qov1K35jHcEW6VHKvZI+pyvl7fZEP4MCU5LYvIq1GuQ=="],

    "@typescript/typescript-linux-mips64el": ["@typescript/typescript-linux-mips64el@7.0.2", "", { "os": "linux", "cpu": "none" }, "sha512-R4KvAMnE43W5Qeqb0Ly56O3mWMWIAgsMyz36DCaycd5nbg/9kzm0liw3JocfRqyJY0KPmzFjbswozXyW0DnIYA=="],

    "@typescript/typescript-linux-ppc64": ["@typescript/typescript-linux-ppc64@7.0.2", "", { "os": "linux", "cpu": "ppc64" }, "sha512-DORx5b3sd/4S7eayxm4FQv+A7CrkUIGRaHiwI8oiHTAI1fAPWhF4J0vAlkC8biAlHSVVwxMQ3tjZ2/DVbnQiiA=="],

    "@typescript/typescript-linux-riscv64": ["@typescript/typescript-linux-riscv64@7.0.2", "", { "os": "linux", "cpu": "none" }, "sha512-wf0jqEDOjrPRnKwYRyyJDRo11KMbvMFrU+q4zqKyChODBzvlkbhNQfKvLxQCcwTpdDaXSHZTVuh0JoCrKCUMHQ=="],

    "@typescript/typescript-linux-s390x": ["@typescript/typescript-linux-s390x@7.0.2", "", { "os": "linux", "cpu": "s390x" }, "sha512-IkwJc3L7yhytWd/ewjyxNDfOmswCm9GWMJT/ue/dU4aZNbwZeYAetq42VyLmsmSjvoX7z74X6ZaYCtzAr0EuGw=="],

    "@typescript/typescript-linux-x64": ["@typescript/typescript-linux-x64@7.0.2", "", { "os": "linux", "cpu": "x64" }, "sha512-EYdf2cNg7rgCWJnxCdJ+F3V39O8ihb37eHAu1LK8oAFizgTQbPOK7zHHXbPt8rX24COqODXeI3sIf0fCXG7H/A=="],

    "@typescript/typescript-netbsd-arm64": ["@typescript/typescript-netbsd-arm64@7.0.2", "", { "os": "none", "cpu": "arm64" }, "sha512-+polYF4MF04aPpO5FTkHran9yUQDSXqy5GiSDKpsll5jy3l3+g9QLhpf39T+ePtefhXLOGrLl0QIjkQP6VnelA=="],

    "@typescript/typescript-netbsd-x64": ["@typescript/typescript-netbsd-x64@7.0.2", "", { "os": "none", "cpu": "x64" }, "sha512-8YIT0EHM/3dq10ZOVF/A7pc/YSMtbcecct4rWtexrnSCHOPcpC2KTLXfTCR6vDpnSiY12heNb1GiN/wu+T/FyA=="],

    "@typescript/typescript-openbsd-arm64": ["@typescript/typescript-openbsd-arm64@7.0.2", "", { "os": "openbsd", "cpu": "arm64" }, "sha512-APT8+ClYnuYm1u9+kgGXoMj2VzWzcymwh2gNSQVySHfkRDGOTVkoWLjCmOQSaO+PoqQ57B0flRp9SA+7GnnkzQ=="],

    "@typescript/typescript-openbsd-x64": ["@typescript/typescript-openbsd-x64@7.0.2", "", { "os": "openbsd", "cpu": "x64" }, "sha512-yX7s+Q0Dln0Dt9tEzZsAjXXR/+ytBM7AlglaqyeMPxQszJ1JhlJdZ6jLA+IzldHtflX81em7lDao1xXu+aRRkg=="],

    "@typescript/typescript-sunos-x64": ["@typescript/typescript-sunos-x64@7.0.2", "", { "os": "sunos", "cpu": "x64" }, "sha512-dLJDGaLZ1D4HPQn62u1n8mBDkJREwMsAkCdkwd4Ieqw+x3TUyTsqY0YiBCtE6H6OzzgGk3iuZ3vFWRS+E8/d1g=="],

    "@typescript/typescript-win32-arm64": ["@typescript/typescript-win32-arm64@7.0.2", "", { "os": "win32", "cpu": "arm64" }, "sha512-Gyl1Vy6OsWesLzmq+EP0Fb7b4Nid5232AvcA2SFcdYreldpNtYFFofPjnt62y9hQy7VTaZp65ICJjuAQRaVcIQ=="],

    "@typescript/typescript-win32-x64": ["@typescript/typescript-win32-x64@7.0.2", "", { "os": "win32", "cpu": "x64" }, "sha512-0BQ3HkAHHlKLSp1qRvf3SUhGpGsDuhB/jgFw75guyqbxJqEaS0Cw/VFO8i2nHglJUzQCRtMMR/IBAKE3ETMC4g=="],

    "@ui/components": ["@ui/components@workspace:pkg/ui/components"],

    "@ui/elements": ["@ui/elements@workspace:pkg/ui/elements"],

    "@ui/hud": ["@ui/hud@workspace:pkg/ui/hud"],

    "@ui/playground": ["@ui/playground@workspace:pkg/ui/playground"],

    "@webgpu/types": ["@webgpu/types@0.1.68", "https://registry.yarnpkg.com/@webgpu/types/-/types-0.1.68.tgz", {}, "sha512-3ab1B59Ojb6RwjOspYLsTpCzbNB3ZaamIAxBMmvnNkiDoLTZUOBXZ9p5nAYVEkQlDdf6qAZWi1pqj9+ypiqznA=="],

    "agent-base": ["agent-base@7.1.4", "", {}, "sha512-MnA+YT8fwfJPgBx3m60MNqakm30XOkyIoH1y6huTQvC0PwZG7ki8NacLBcrPbNoo8vEZy7Jpuk7+jMO+CUovTQ=="],

    "ansi-regex": ["ansi-regex@6.3.0", "", {}, "sha512-WpDfL7NO6j7tH88IDBNVdUJxDh9nmCteAVW9dsep846XdwF4naCBK+/tGLX3KJgcpgMRXCFlTM2hKGoK9FsdrQ=="],

    "ansi-styles": ["ansi-styles@6.2.3", "", {}, "sha512-4Dj6M28JB+oAH8kFkTLUo+a2jwOFkuqb3yucU0CANcRRUbxS0cP0nZYCGjcc3BNXwRIsUVmDGgzawme7zvJHvg=="],

    "asn1.js": ["asn1.js@5.4.1", "", { "dependencies": { "bn.js": "^4.0.0", "inherits": "^2.0.1", "minimalistic-assert": "^1.0.0", "safer-buffer": "^2.1.0" } }, "sha512-+I//4cYPccV8LdmBLiX8CYvf9Sp3vQsrqu2QNXRcrbiWvcx/UdlFiqUJJzxRQxgsZmvhXhn4cSKeSmoFjVdupA=="],

    "bn.js": ["bn.js@4.12.5", "", {}, "sha512-3aRg6/JxfffFD+OlOjOFR3Vo79l39ooBTFucxx+MT3dhCtzn3EmiUPQo+6/OZuI2jbXi3YKgmiTFBgChQMwIRQ=="],

    "boundary": ["boundary@workspace:quantum/boundary"],

    "buffer-equal-constant-time": ["buffer-equal-constant-time@1.0.1", "", {}, "sha512-zRpUiDwd/xk6ADqPMATG8vc9VPrkck7T07OIx0gnjmJAnHnTVXNQG3vfvWNuiZIkwu9KrKdA1iJKfsfTVxE6NA=="],

    "bulk": ["bulk@workspace:quantum/bulk"],

    "bun-types": ["bun-types@1.4.0", "", { "dependencies": { "@types/node": "*" } }, "sha512-iIKw23BspnQQYd3prITOBxeUsxBHnwzX6YJfGMuNOZzeNcMmVqzIIVGRm1l69ogaPQmb4wB6BN8mA5bE9YuC5Q=="],

    "bun-webgpu": ["bun-webgpu@0.1.6", "", { "dependencies": { "@webgpu/types": "^0.1.60" }, "optionalDependencies": { "bun-webgpu-darwin-arm64": "^0.1.6", "bun-webgpu-darwin-x64": "^0.1.6", "bun-webgpu-linux-x64": "^0.1.6", "bun-webgpu-win32-x64": "^0.1.6" } }, "sha512-gw63vFcvQZxa+euS4dLKGEYU40pYvd7jg9bCYr/Ju4m7bWesTR/uGEqqjtOJaRabCYRr26D+zYJe10voe3WrVQ=="],

    "bun-webgpu-darwin-arm64": ["bun-webgpu-darwin-arm64@0.1.6", "", { "os": "darwin", "cpu": "arm64" }, "sha512-lIsDkPzJzPl6yrB5CUOINJFPnTRv6fF/Q8J1mAr43ogSp86WZEg9XZKaT6f3EUJ+9ETogGoMnoj1q0AwHUTbAQ=="],

    "bun-webgpu-darwin-x64": ["bun-webgpu-darwin-x64@0.1.6", "", { "os": "darwin", "cpu": "x64" }, "sha512-uEddf5U7GvKIkM/BV18rUKtYHL6d0KeqBjNHwfqDH9QgEo9KVSKvJXS5I/sMefk5V5pIYE+8tQhtrREevhocng=="],

    "bun-webgpu-linux-x64": ["bun-webgpu-linux-x64@0.1.6", "", { "os": "linux", "cpu": "x64" }, "sha512-Y/f15j9r8ba0xUz+3lATtS74OE+PPzQXO7Do/1eCluJcuOlfa77kMjvBK/ShWnem3Y9xqi59pebTPOGRB+CaJA=="],

    "bun-webgpu-win32-x64": ["bun-webgpu-win32-x64@0.1.6", "", { "os": "win32", "cpu": "x64" }, "sha512-MHSFAKqizISb+C5NfDrFe3g0Al5Njnu0j/A+oO2Q+bIWX+fUYjBSowiYE1ZXJx65KuryuB+tiM7Qh6cQbVvkEg=="],

    "chromium-bidi": ["chromium-bidi@17.0.2", "", { "dependencies": { "mitt": "^3.0.1", "zod": "^3.24.1" }, "peerDependencies": { "devtools-protocol": "*" } }, "sha512-5v9GQFhTktFvotn/OFNJBmKLKRAb6n9r0bVCwf7sHgWc3/JryK0bj1nn93L3pHFrfgcsu6Be6EWsDi+1XHTGDg=="],

    "cliui": ["cliui@9.0.1", "", { "dependencies": { "string-width": "^7.2.0", "strip-ansi": "^7.1.0", "wrap-ansi": "^9.0.0" } }, "sha512-k7ndgKhwoQveBL+/1tqGJYNz097I7WOvwbmmU2AR5+magtbjPWQTS1C5vzGkBC8Ym8UWRzfKUzUUqFLypY4Q+w=="],

    "create-metafor": ["create-metafor@workspace:create-metafor"],

    "dark": ["dark@workspace:quantum/dark"],

    "debug": ["debug@4.4.0", "", { "dependencies": { "ms": "^2.1.3" } }, "sha512-6WTZ/IxCY/T6BALoZHaE4ctp9xm+Z5kY/pzYaCHRFeyVhojxlrm+46y68HA6hr0TcwEssoxNiDEUJQjfPZ/RYA=="],

    "devtools-protocol": ["devtools-protocol@0.0.1653615", "", {}, "sha512-pGVkY3T/qXxAp2nFPodwYqOevk6ncNMSmvL8QfRCx5ZWGd6Vor7AFNmyaA8Zs6uJyP1QAfjuLandCgvSix1BNA=="],

    "ecdsa-sig-formatter": ["ecdsa-sig-formatter@1.0.11", "", { "dependencies": { "safe-buffer": "^5.0.1" } }, "sha512-nagl3RYrbNv6kQkeJIpt6NJZy8twLB/2vtz6yN9Z4vRKHN4/QZJIEbqohALSgwKdnksuY3k5Addp5lg8sVoVcQ=="],

    "emoji-regex": ["emoji-regex@10.6.0", "", {}, "sha512-toUI84YS5YmxW219erniWD0CIVOo46xGKColeNQRgOzDorgBi1v4D71/OFzgD9GO2UGKIv1C3Sp8DAn0+j5w7A=="],

    "energy": ["energy@workspace:quantum/energy"],

    "escalade": ["escalade@3.2.0", "https://registry.yarnpkg.com/escalade/-/escalade-3.2.0.tgz", {}, "sha512-WUj2qlxaQtO4g6Pq5c29GTcWGDyd8itL8zTlipgECz3JesAiiOKotd8JU6otB3PACgG6xkJUyVhboMS+bje/jA=="],

    "fixture": ["fixture@workspace:fixture"],

    "get-caller-file": ["get-caller-file@2.0.5", "https://registry.yarnpkg.com/get-caller-file/-/get-caller-file-2.0.5.tgz", {}, "sha512-DyFP3BM/3YHTQOCUL/w0OZHR0lpKeGrxotcHWcqNEdnltqFwXVfhEBQ94eIo34AfQpo0rGki4cyIiftY06h2Fg=="],

    "get-east-asian-width": ["get-east-asian-width@1.6.0", "", {}, "sha512-QRbvDIbx6YklUe6RxeTeleMR0yv3cYH6PsPZHcnVn7xv7zO1BHN8r0XETu8n6Ye3Q+ahtSarc3WgtNWmehIBfA=="],

    "http_ece": ["http_ece@1.2.0", "", {}, "sha512-JrF8SSLVmcvc5NducxgyOrKXe3EsyHMgBFgSaIUGmArKe+rwr0uphRkRXvwiom3I+fpIfoItveHrfudL8/rxuA=="],

    "https-proxy-agent": ["https-proxy-agent@7.0.6", "", { "dependencies": { "agent-base": "^7.1.2", "debug": "4" } }, "sha512-vK9P5/iUfdl95AI+JVyUuIcVtd4ofvtrOr3HNtM2yxC9bnMbEdp3x01OhQNnjb8IJYi38VlTE3mBXwcfvywuSw=="],

    "inherits": ["inherits@2.0.4", "", {}, "sha512-k/vGaX4/Yla3WzyMCvTQOXYeIHvqOKtnqBduzTHpzpQZzAskKMhZ2K+EnBiSM9zGSoIFeMpXKxa4dYeZIQqewQ=="],

    "jwa": ["jwa@2.0.1", "", { "dependencies": { "buffer-equal-constant-time": "^1.0.1", "ecdsa-sig-formatter": "1.0.11", "safe-buffer": "^5.0.1" } }, "sha512-hRF04fqJIP8Abbkq5NKGN0Bbr3JxlQ+qhZufXVr0DvujKy93ZCbXZMHDL4EOtodSbCWxOqR8MS1tXA5hwqCXDg=="],

    "jws": ["jws@4.0.1", "", { "dependencies": { "jwa": "^2.0.1", "safe-buffer": "^5.0.1" } }, "sha512-EKI/M/yqPncGUUh44xz0PxSidXFr/+r0pA70+gIYhjv+et7yxM+s29Y+VGDkovRofQem0fs7Uvf4+YmAdyRduA=="],

    "matrix": ["matrix@workspace:quantum/matrix"],

    "minimalistic-assert": ["minimalistic-assert@1.0.1", "", {}, "sha512-UtJcAD4yEaGtjPezWuO9wC4nwUnVH/8/Im3yEHQP4b67cXlD/Qr9hdITCU1xDbSEXg2XKNaP8jsReV7vQd00/A=="],

    "minimist": ["minimist@1.2.8", "", {}, "sha512-2yyAR8qBkN3YuheJanUpWC5U3bb5osDywNB8RzDVlDwDHbocAJveqqj1u8+SVD7jkWT4yvsHCpWqqWqAxb0zCA=="],

    "mitt": ["mitt@3.0.1", "", {}, "sha512-vKivATfr97l2/QBCYAkXYDbrIWPM2IIKEl7YPhjCvKlG3kE2gm+uBo6nEXK3M5/Ffh/FLpKExzOQ3JJoJGFKBw=="],

    "modern-tar": ["modern-tar@0.7.7", "", {}, "sha512-t9VmxaqrmANnEOBhpSDI6HD192Ge48k8vmWqQQL7hSFEqHEYwZbbsu49+aKLWZeRvFs3j1pMhXOqqF4kPlvjkQ=="],

    "ms": ["ms@2.1.3", "", {}, "sha512-6FlzubTLZG3J2a/NVCAleEhjzq5oxgHyaCU9yYXvcLsvoVaHJq/s5xXI6/XXP6tz7R9xAOtHnSO/tXtF3WRTlA=="],

    "nodes": ["nodes@workspace:pkg/nodes"],

    "oxc-parser": ["oxc-parser@0.146.0", "", { "dependencies": { "@oxc-project/types": "^0.146.0" }, "optionalDependencies": { "@oxc-parser/binding-android-arm-eabi": "0.146.0", "@oxc-parser/binding-android-arm64": "0.146.0", "@oxc-parser/binding-darwin-arm64": "0.146.0", "@oxc-parser/binding-darwin-x64": "0.146.0", "@oxc-parser/binding-freebsd-x64": "0.146.0", "@oxc-parser/binding-linux-arm-gnueabihf": "0.146.0", "@oxc-parser/binding-linux-arm-musleabihf": "0.146.0", "@oxc-parser/binding-linux-arm64-gnu": "0.146.0", "@oxc-parser/binding-linux-arm64-musl": "0.146.0", "@oxc-parser/binding-linux-ppc64-gnu": "0.146.0", "@oxc-parser/binding-linux-riscv64-gnu": "0.146.0", "@oxc-parser/binding-linux-riscv64-musl": "0.146.0", "@oxc-parser/binding-linux-s390x-gnu": "0.146.0", "@oxc-parser/binding-linux-x64-gnu": "0.146.0", "@oxc-parser/binding-linux-x64-musl": "0.146.0", "@oxc-parser/binding-openharmony-arm64": "0.146.0", "@oxc-parser/binding-win32-arm64-msvc": "0.146.0", "@oxc-parser/binding-win32-ia32-msvc": "0.146.0", "@oxc-parser/binding-win32-x64-msvc": "0.146.0" } }, "sha512-hrt0Ou2mCL8dLuvfvKWFjRlWaJKt0Xs7CfacAgb9mha0gKW1lSisUzNRyALgItMPIfThxkl8jH2ONP6ZbQXpaA=="],

    "puppeteer-core": ["puppeteer-core@25.4.0", "", { "dependencies": { "@puppeteer/browsers": "3.0.6", "chromium-bidi": "17.0.2", "devtools-protocol": "0.0.1653615", "typed-query-selector": "^2.12.2", "webdriver-bidi-protocol": "0.4.2", "ws": "^8.21.1" } }, "sha512-K1plkLOdeoUnGeT1OvdqF3qxl33v+Ra/uH5VyPEhXdMcpvGiEskHzxxEU3fgpccJpJLIipB/rPUsvkZRWeKqOA=="],

    "safe-buffer": ["safe-buffer@5.2.1", "", {}, "sha512-rp3So07KcdmmKbGvgaNxQSJr7bGVSVk5S9Eq1F+ppbRo70+YeaDxkw5Dd8NPN+GD6bjnYm2VuPuCXmpuYvmCXQ=="],

    "safer-buffer": ["safer-buffer@2.1.2", "", {}, "sha512-YZo3K82SD7Riyi0E1EQPojLz7kpepnSQI9IyPbHHg1XXXevb5dJI7tpyN2ADxGcQbHG7vcyRHk0cbwqcQriUtg=="],

    "shared": ["shared@workspace:shared"],

    "string-width": ["string-width@8.2.2", "", { "dependencies": { "get-east-asian-width": "^1.5.0", "strip-ansi": "^7.1.2" } }, "sha512-GaPUh5gfdrYzqeVNZvUfT23vYYxXzKYidUcnMtJg/3rxRV63EFZy3k6xfKlmfeJD0176lnUV/Usr3XcwSvFzpg=="],

    "strip-ansi": ["strip-ansi@7.2.0", "", { "dependencies": { "ansi-regex": "^6.2.2" } }, "sha512-yDPMNjp4WyfYBkHnjIRLfca1i6KMyGCtsVgoKe/z1+6vukgaENdgGBZt+ZmKPc4gavvEZ5OgHfHdrazhgNyG7w=="],

    "typed-query-selector": ["typed-query-selector@2.12.2", "", {}, "sha512-EOPFbyIub4ngnEdqi2yOcNeDLaX/0jcE1JoAXQDDMIthap7FoN795lc/SHfIq2d416VufXpM8z/lD+WRm2gfOQ=="],

    "typescript": ["typescript@7.0.2", "", { "optionalDependencies": { "@typescript/typescript-aix-ppc64": "7.0.2", "@typescript/typescript-darwin-arm64": "7.0.2", "@typescript/typescript-darwin-x64": "7.0.2", "@typescript/typescript-freebsd-arm64": "7.0.2", "@typescript/typescript-freebsd-x64": "7.0.2", "@typescript/typescript-linux-arm": "7.0.2", "@typescript/typescript-linux-arm64": "7.0.2", "@typescript/typescript-linux-loong64": "7.0.2", "@typescript/typescript-linux-mips64el": "7.0.2", "@typescript/typescript-linux-ppc64": "7.0.2", "@typescript/typescript-linux-riscv64": "7.0.2", "@typescript/typescript-linux-s390x": "7.0.2", "@typescript/typescript-linux-x64": "7.0.2", "@typescript/typescript-netbsd-arm64": "7.0.2", "@typescript/typescript-netbsd-x64": "7.0.2", "@typescript/typescript-openbsd-arm64": "7.0.2", "@typescript/typescript-openbsd-x64": "7.0.2", "@typescript/typescript-sunos-x64": "7.0.2", "@typescript/typescript-win32-arm64": "7.0.2", "@typescript/typescript-win32-x64": "7.0.2" }, "bin": { "tsc": "bin/tsc" } }, "sha512-8FYau96o3NKOhbjKi/qNvG/W5jhzxkbdm5sj9AbZ/5T5sWqn3hJgLfGx27sRKZWTvyzCP8dLRBTf5tBTSRVUNA=="],

    "undici-types": ["undici-types@7.18.2", "https://registry.yarnpkg.com/undici-types/-/undici-types-7.18.2.tgz", {}, "sha512-AsuCzffGHJybSaRrmr5eHr81mwJU3kjw6M+uprWvCXiNeN9SOGwQ3Jn8jb8m3Z6izVgknn1R0FTCEAP2QrLY/w=="],

    "web-push": ["web-push@3.6.7", "", { "dependencies": { "asn1.js": "^5.3.0", "http_ece": "1.2.0", "https-proxy-agent": "^7.0.0", "jws": "^4.0.0", "minimist": "^1.2.5" }, "bin": { "web-push": "src/cli.js" } }, "sha512-OpiIUe8cuGjrj3mMBFWY+e4MMIkW3SVT+7vEIjvD9kejGUypv8GPDf84JdPWskK8zMRIJ6xYGm+Kxr8YkPyA0A=="],

    "webdriver-bidi-protocol": ["webdriver-bidi-protocol@0.4.2", "", {}, "sha512-VSV+fzfChirL3e7jay2yUC7B4HQCGtEWEg/MSSQbK+qWbqeGlRLlXTzPpYr3XGUvbpDHumWZBJxgesg4N7dbtA=="],

    "wrap-ansi": ["wrap-ansi@9.0.2", "", { "dependencies": { "ansi-styles": "^6.2.1", "string-width": "^7.0.0", "strip-ansi": "^7.1.0" } }, "sha512-42AtmgqjV+X1VpdOfyTGOYRi0/zsoLqtXQckTmqTeybT+BDIbM/Guxo7x3pE2vtpr1ok6xRqM9OpBe+Jyoqyww=="],

    "ws": ["ws@8.21.3", "", { "peerDependencies": { "bufferutil": "^4.0.1", "utf-8-validate": ">=5.0.2" }, "optionalPeers": ["bufferutil", "utf-8-validate"] }, "sha512-201TZ/kPWxoPr/OKWjquZR1SWKXcvxdH+e1xrx89b3YbmzLMFCLfnaG1HFIgWzJOEWZ7MvpK++odZufgYR50Rw=="],

    "y18n": ["y18n@5.0.8", "https://registry.yarnpkg.com/y18n/-/y18n-5.0.8.tgz", {}, "sha512-0pfFzegeDWJHJIAmTLRP2DwHjdF5s7jo9tuztdQxAhINCdvS+3nGINqPd00AphqJR/0LhANUS6/+7SCb98YOfA=="],

    "yargs": ["yargs@18.1.0", "", { "dependencies": { "cliui": "^9.0.1", "escalade": "^3.1.1", "get-caller-file": "^2.0.5", "string-width": "^8.2.1", "y18n": "^5.0.5", "yargs-parser": "^22.0.0" } }, "sha512-2rAgRKu54VsHkqI0/tYkmluGXHD4KW7yZoycuqDQ15QOTnc2VVfy0nN/1eMhnQLO00A+dwtK20xuCnc1YGeUyg=="],

    "yargs-parser": ["yargs-parser@22.0.0", "", {}, "sha512-rwu/ClNdSMpkSrUb+d6BRsSkLUq1fmfsY6TOpYzTwvwkg1/NRG85KBy3kq++A8LKQwX6lsu+aWad+2khvuXrqw=="],

    "zod": ["zod@3.25.76", "", {}, "sha512-gzUt/qt81nXsFGKIFcC3YnfEAx5NkunCfnDlvuBSSFS02bcXu4Lmea0AFIUwbLWxWPx3d9p8S5QoaujKcNQxcQ=="],

    "cliui/string-width": ["string-width@7.2.0", "", { "dependencies": { "emoji-regex": "^10.3.0", "get-east-asian-width": "^1.0.0", "strip-ansi": "^7.1.0" } }, "sha512-tsaTIkKW9b4N+AEj+SVA+WhJzV7/zMhcSu78mLKWSk7cXMOSHsBKFWUs0fWwq8QyK3MgJBQRX6Gbi4kYbdvGkQ=="],

    "wrap-ansi/string-width": ["string-width@7.2.0", "", { "dependencies": { "emoji-regex": "^10.3.0", "get-east-asian-width": "^1.0.0", "strip-ansi": "^7.1.0" } }, "sha512-tsaTIkKW9b4N+AEj+SVA+WhJzV7/zMhcSu78mLKWSk7cXMOSHsBKFWUs0fWwq8QyK3MgJBQRX6Gbi4kYbdvGkQ=="],
  }
}
